<?xml version="1.0" encoding="UTF-8" standalone="yes" ?>
<CodeBlocks_project_file>
	<FileVersion major="1" minor="6" />
	<Project>
		<Option title="Q" />
		<Option pch_mode="2" />
		<Option compiler="gcc" />
		<Build>
			<Target title="Debug">
				<Option output="bin/Debug/Q" prefix_auto="1" extension_auto="1" />
				<Option object_output="obj/Debug/" />
				<Option type="1" />
				<Option compiler="gcc" />
				<Compiler>
					<Add option="-g" />
				</Compiler>
				<Linker>
					<Add option="-pthread" />
					<Add option="-lwiringPi" />
					<Add option="-lwiringPiPca9685" />
					<Add library="rplidar_sdk/librplidar_sdk.a" />
				</Linker>
			</Target>
			<Target title="Release">
				<Option output="bin/Release/Q" prefix_auto="1" extension_auto="1" />
				<Option object_output="obj/Release/" />
				<Option type="1" />
				<Option compiler="gcc" />
				<Compiler>
					<Add option="-O2" />
				</Compiler>
				<Linker>
					<Add option="-s" />
				</Linker>
			</Target>
		</Build>
		<Compiler>
			<Add option="-Wall" />
			<Add option="-fexceptions" />
		</Compiler>
		<Linker>
			<Add library="rplidar_sdk/librplidar_sdk.a" />
		</Linker>
		<Unit filename="custom_header/MedianFilter.h" />
		<Unit filename="custom_header/RF_tag.h" />
		<Unit filename="custom_header/UI.h" />
		<Unit filename="custom_header/controller.h" />
		<Unit filename="custom_header/sock_client.h" />
		<Unit filename="main.cpp" />
		<Unit filename="mavlink_lib/ASLUAV/ASLUAV.h" />
		<Unit filename="mavlink_lib/ASLUAV/mavlink.h" />
		<Unit filename="mavlink_lib/ASLUAV/mavlink_msg_asl_obctrl.h" />
		<Unit filename="mavlink_lib/ASLUAV/mavlink_msg_aslctrl_data.h" />
		<Unit filename="mavlink_lib/ASLUAV/mavlink_msg_aslctrl_debug.h" />
		<Unit filename="mavlink_lib/ASLUAV/mavlink_msg_asluav_status.h" />
		<Unit filename="mavlink_lib/ASLUAV/mavlink_msg_ekf_ext.h" />
		<Unit filename="mavlink_lib/ASLUAV/mavlink_msg_fw_soaring_data.h" />
		<Unit filename="mavlink_lib/ASLUAV/mavlink_msg_sens_atmos.h" />
		<Unit filename="mavlink_lib/ASLUAV/mavlink_msg_sens_batmon.h" />
		<Unit filename="mavlink_lib/ASLUAV/mavlink_msg_sens_mppt.h" />
		<Unit filename="mavlink_lib/ASLUAV/mavlink_msg_sens_power.h" />
		<Unit filename="mavlink_lib/ASLUAV/mavlink_msg_sensorpod_status.h" />
		<Unit filename="mavlink_lib/ASLUAV/testsuite.h" />
		<Unit filename="mavlink_lib/ASLUAV/version.h" />
		<Unit filename="mavlink_lib/ardupilotmega/ardupilotmega.h" />
		<Unit filename="mavlink_lib/ardupilotmega/mavlink.h" />
		<Unit filename="mavlink_lib/ardupilotmega/mavlink_msg_ahrs.h" />
		<Unit filename="mavlink_lib/ardupilotmega/mavlink_msg_ahrs2.h" />
		<Unit filename="mavlink_lib/ardupilotmega/mavlink_msg_ahrs3.h" />
		<Unit filename="mavlink_lib/ardupilotmega/mavlink_msg_airspeed_autocal.h" />
		<Unit filename="mavlink_lib/ardupilotmega/mavlink_msg_ap_adc.h" />
		<Unit filename="mavlink_lib/ardupilotmega/mavlink_msg_autopilot_version_request.h" />
		<Unit filename="mavlink_lib/ardupilotmega/mavlink_msg_battery2.h" />
		<Unit filename="mavlink_lib/ardupilotmega/mavlink_msg_camera_feedback.h" />
		<Unit filename="mavlink_lib/ardupilotmega/mavlink_msg_camera_status.h" />
		<Unit filename="mavlink_lib/ardupilotmega/mavlink_msg_compassmot_status.h" />
		<Unit filename="mavlink_lib/ardupilotmega/mavlink_msg_data16.h" />
		<Unit filename="mavlink_lib/ardupilotmega/mavlink_msg_data32.h" />
		<Unit filename="mavlink_lib/ardupilotmega/mavlink_msg_data64.h" />
		<Unit filename="mavlink_lib/ardupilotmega/mavlink_msg_data96.h" />
		<Unit filename="mavlink_lib/ardupilotmega/mavlink_msg_digicam_configure.h" />
		<Unit filename="mavlink_lib/ardupilotmega/mavlink_msg_digicam_control.h" />
		<Unit filename="mavlink_lib/ardupilotmega/mavlink_msg_ekf_status_report.h" />
		<Unit filename="mavlink_lib/ardupilotmega/mavlink_msg_fence_fetch_point.h" />
		<Unit filename="mavlink_lib/ardupilotmega/mavlink_msg_fence_point.h" />
		<Unit filename="mavlink_lib/ardupilotmega/mavlink_msg_fence_status.h" />
		<Unit filename="mavlink_lib/ardupilotmega/mavlink_msg_gimbal_axis_calibration_progress.h" />
		<Unit filename="mavlink_lib/ardupilotmega/mavlink_msg_gimbal_control.h" />
		<Unit filename="mavlink_lib/ardupilotmega/mavlink_msg_gimbal_erase_firmware_and_config.h" />
		<Unit filename="mavlink_lib/ardupilotmega/mavlink_msg_gimbal_factory_parameters_loaded.h" />
		<Unit filename="mavlink_lib/ardupilotmega/mavlink_msg_gimbal_home_offset_calibration_result.h" />
		<Unit filename="mavlink_lib/ardupilotmega/mavlink_msg_gimbal_perform_factory_tests.h" />
		<Unit filename="mavlink_lib/ardupilotmega/mavlink_msg_gimbal_report.h" />
		<Unit filename="mavlink_lib/ardupilotmega/mavlink_msg_gimbal_report_factory_tests_progress.h" />
		<Unit filename="mavlink_lib/ardupilotmega/mavlink_msg_gimbal_reset.h" />
		<Unit filename="mavlink_lib/ardupilotmega/mavlink_msg_gimbal_set_factory_parameters.h" />
		<Unit filename="mavlink_lib/ardupilotmega/mavlink_msg_gimbal_set_home_offsets.h" />
		<Unit filename="mavlink_lib/ardupilotmega/mavlink_msg_gopro_command.h" />
		<Unit filename="mavlink_lib/ardupilotmega/mavlink_msg_gopro_power_off.h" />
		<Unit filename="mavlink_lib/ardupilotmega/mavlink_msg_gopro_power_on.h" />
		<Unit filename="mavlink_lib/ardupilotmega/mavlink_msg_gopro_response.h" />
		<Unit filename="mavlink_lib/ardupilotmega/mavlink_msg_hwstatus.h" />
		<Unit filename="mavlink_lib/ardupilotmega/mavlink_msg_led_control.h" />
		<Unit filename="mavlink_lib/ardupilotmega/mavlink_msg_limits_status.h" />
		<Unit filename="mavlink_lib/ardupilotmega/mavlink_msg_mag_cal_progress.h" />
		<Unit filename="mavlink_lib/ardupilotmega/mavlink_msg_mag_cal_report.h" />
		<Unit filename="mavlink_lib/ardupilotmega/mavlink_msg_meminfo.h" />
		<Unit filename="mavlink_lib/ardupilotmega/mavlink_msg_mount_configure.h" />
		<Unit filename="mavlink_lib/ardupilotmega/mavlink_msg_mount_control.h" />
		<Unit filename="mavlink_lib/ardupilotmega/mavlink_msg_mount_status.h" />
		<Unit filename="mavlink_lib/ardupilotmega/mavlink_msg_pid_tuning.h" />
		<Unit filename="mavlink_lib/ardupilotmega/mavlink_msg_radio.h" />
		<Unit filename="mavlink_lib/ardupilotmega/mavlink_msg_rally_fetch_point.h" />
		<Unit filename="mavlink_lib/ardupilotmega/mavlink_msg_rally_point.h" />
		<Unit filename="mavlink_lib/ardupilotmega/mavlink_msg_rangefinder.h" />
		<Unit filename="mavlink_lib/ardupilotmega/mavlink_msg_rpm.h" />
		<Unit filename="mavlink_lib/ardupilotmega/mavlink_msg_sensor_offsets.h" />
		<Unit filename="mavlink_lib/ardupilotmega/mavlink_msg_set_mag_offsets.h" />
		<Unit filename="mavlink_lib/ardupilotmega/mavlink_msg_simstate.h" />
		<Unit filename="mavlink_lib/ardupilotmega/mavlink_msg_wind.h" />
		<Unit filename="mavlink_lib/ardupilotmega/testsuite.h" />
		<Unit filename="mavlink_lib/ardupilotmega/version.h" />
		<Unit filename="mavlink_lib/autoquad/autoquad.h" />
		<Unit filename="mavlink_lib/autoquad/mavlink.h" />
		<Unit filename="mavlink_lib/autoquad/mavlink_msg_aq_esc_telemetry.h" />
		<Unit filename="mavlink_lib/autoquad/mavlink_msg_aq_telemetry_f.h" />
		<Unit filename="mavlink_lib/autoquad/testsuite.h" />
		<Unit filename="mavlink_lib/autoquad/version.h" />
		<Unit filename="mavlink_lib/checksum.h" />
		<Unit filename="mavlink_lib/common/common.h" />
		<Unit filename="mavlink_lib/common/mavlink.h" />
		<Unit filename="mavlink_lib/common/mavlink_msg_actuator_control_target.h" />
		<Unit filename="mavlink_lib/common/mavlink_msg_altitude.h" />
		<Unit filename="mavlink_lib/common/mavlink_msg_att_pos_mocap.h" />
		<Unit filename="mavlink_lib/common/mavlink_msg_attitude.h" />
		<Unit filename="mavlink_lib/common/mavlink_msg_attitude_quaternion.h" />
		<Unit filename="mavlink_lib/common/mavlink_msg_attitude_quaternion_cov.h" />
		<Unit filename="mavlink_lib/common/mavlink_msg_attitude_target.h" />
		<Unit filename="mavlink_lib/common/mavlink_msg_auth_key.h" />
		<Unit filename="mavlink_lib/common/mavlink_msg_autopilot_version.h" />
		<Unit filename="mavlink_lib/common/mavlink_msg_battery_status.h" />
		<Unit filename="mavlink_lib/common/mavlink_msg_camera_trigger.h" />
		<Unit filename="mavlink_lib/common/mavlink_msg_change_operator_control.h" />
		<Unit filename="mavlink_lib/common/mavlink_msg_change_operator_control_ack.h" />
		<Unit filename="mavlink_lib/common/mavlink_msg_command_ack.h" />
		<Unit filename="mavlink_lib/common/mavlink_msg_command_int.h" />
		<Unit filename="mavlink_lib/common/mavlink_msg_command_long.h" />
		<Unit filename="mavlink_lib/common/mavlink_msg_control_system_state.h" />
		<Unit filename="mavlink_lib/common/mavlink_msg_data_stream.h" />
		<Unit filename="mavlink_lib/common/mavlink_msg_data_transmission_handshake.h" />
		<Unit filename="mavlink_lib/common/mavlink_msg_debug.h" />
		<Unit filename="mavlink_lib/common/mavlink_msg_debug_vect.h" />
		<Unit filename="mavlink_lib/common/mavlink_msg_distance_sensor.h" />
		<Unit filename="mavlink_lib/common/mavlink_msg_encapsulated_data.h" />
		<Unit filename="mavlink_lib/common/mavlink_msg_extended_sys_state.h" />
		<Unit filename="mavlink_lib/common/mavlink_msg_file_transfer_protocol.h" />
		<Unit filename="mavlink_lib/common/mavlink_msg_global_position_int.h" />
		<Unit filename="mavlink_lib/common/mavlink_msg_global_position_int_cov.h" />
		<Unit filename="mavlink_lib/common/mavlink_msg_global_vision_position_estimate.h" />
		<Unit filename="mavlink_lib/common/mavlink_msg_gps2_raw.h" />
		<Unit filename="mavlink_lib/common/mavlink_msg_gps2_rtk.h" />
		<Unit filename="mavlink_lib/common/mavlink_msg_gps_global_origin.h" />
		<Unit filename="mavlink_lib/common/mavlink_msg_gps_inject_data.h" />
		<Unit filename="mavlink_lib/common/mavlink_msg_gps_raw_int.h" />
		<Unit filename="mavlink_lib/common/mavlink_msg_gps_rtk.h" />
		<Unit filename="mavlink_lib/common/mavlink_msg_gps_status.h" />
		<Unit filename="mavlink_lib/common/mavlink_msg_heartbeat.h" />
		<Unit filename="mavlink_lib/common/mavlink_msg_highres_imu.h" />
		<Unit filename="mavlink_lib/common/mavlink_msg_hil_controls.h" />
		<Unit filename="mavlink_lib/common/mavlink_msg_hil_gps.h" />
		<Unit filename="mavlink_lib/common/mavlink_msg_hil_optical_flow.h" />
		<Unit filename="mavlink_lib/common/mavlink_msg_hil_rc_inputs_raw.h" />
		<Unit filename="mavlink_lib/common/mavlink_msg_hil_sensor.h" />
		<Unit filename="mavlink_lib/common/mavlink_msg_hil_state.h" />
		<Unit filename="mavlink_lib/common/mavlink_msg_hil_state_quaternion.h" />
		<Unit filename="mavlink_lib/common/mavlink_msg_home_position.h" />
		<Unit filename="mavlink_lib/common/mavlink_msg_landing_target.h" />
		<Unit filename="mavlink_lib/common/mavlink_msg_local_position_ned.h" />
		<Unit filename="mavlink_lib/common/mavlink_msg_local_position_ned_cov.h" />
		<Unit filename="mavlink_lib/common/mavlink_msg_local_position_ned_system_global_offset.h" />
		<Unit filename="mavlink_lib/common/mavlink_msg_log_data.h" />
		<Unit filename="mavlink_lib/common/mavlink_msg_log_entry.h" />
		<Unit filename="mavlink_lib/common/mavlink_msg_log_erase.h" />
		<Unit filename="mavlink_lib/common/mavlink_msg_log_request_data.h" />
		<Unit filename="mavlink_lib/common/mavlink_msg_log_request_end.h" />
		<Unit filename="mavlink_lib/common/mavlink_msg_log_request_list.h" />
		<Unit filename="mavlink_lib/common/mavlink_msg_manual_control.h" />
		<Unit filename="mavlink_lib/common/mavlink_msg_manual_setpoint.h" />
		<Unit filename="mavlink_lib/common/mavlink_msg_memory_vect.h" />
		<Unit filename="mavlink_lib/common/mavlink_msg_message_interval.h" />
		<Unit filename="mavlink_lib/common/mavlink_msg_mission_ack.h" />
		<Unit filename="mavlink_lib/common/mavlink_msg_mission_clear_all.h" />
		<Unit filename="mavlink_lib/common/mavlink_msg_mission_count.h" />
		<Unit filename="mavlink_lib/common/mavlink_msg_mission_current.h" />
		<Unit filename="mavlink_lib/common/mavlink_msg_mission_item.h" />
		<Unit filename="mavlink_lib/common/mavlink_msg_mission_item_int.h" />
		<Unit filename="mavlink_lib/common/mavlink_msg_mission_item_reached.h" />
		<Unit filename="mavlink_lib/common/mavlink_msg_mission_request.h" />
		<Unit filename="mavlink_lib/common/mavlink_msg_mission_request_list.h" />
		<Unit filename="mavlink_lib/common/mavlink_msg_mission_request_partial_list.h" />
		<Unit filename="mavlink_lib/common/mavlink_msg_mission_set_current.h" />
		<Unit filename="mavlink_lib/common/mavlink_msg_mission_write_partial_list.h" />
		<Unit filename="mavlink_lib/common/mavlink_msg_named_value_float.h" />
		<Unit filename="mavlink_lib/common/mavlink_msg_named_value_int.h" />
		<Unit filename="mavlink_lib/common/mavlink_msg_nav_controller_output.h" />
		<Unit filename="mavlink_lib/common/mavlink_msg_optical_flow.h" />
		<Unit filename="mavlink_lib/common/mavlink_msg_optical_flow_rad.h" />
		<Unit filename="mavlink_lib/common/mavlink_msg_param_map_rc.h" />
		<Unit filename="mavlink_lib/common/mavlink_msg_param_request_list.h" />
		<Unit filename="mavlink_lib/common/mavlink_msg_param_request_read.h" />
		<Unit filename="mavlink_lib/common/mavlink_msg_param_set.h" />
		<Unit filename="mavlink_lib/common/mavlink_msg_param_value.h" />
		<Unit filename="mavlink_lib/common/mavlink_msg_ping.h" />
		<Unit filename="mavlink_lib/common/mavlink_msg_position_target_global_int.h" />
		<Unit filename="mavlink_lib/common/mavlink_msg_position_target_local_ned.h" />
		<Unit filename="mavlink_lib/common/mavlink_msg_power_status.h" />
		<Unit filename="mavlink_lib/common/mavlink_msg_radio_status.h" />
		<Unit filename="mavlink_lib/common/mavlink_msg_raw_imu.h" />
		<Unit filename="mavlink_lib/common/mavlink_msg_raw_pressure.h" />
		<Unit filename="mavlink_lib/common/mavlink_msg_rc_channels.h" />
		<Unit filename="mavlink_lib/common/mavlink_msg_rc_channels_override.h" />
		<Unit filename="mavlink_lib/common/mavlink_msg_rc_channels_raw.h" />
		<Unit filename="mavlink_lib/common/mavlink_msg_rc_channels_scaled.h" />
		<Unit filename="mavlink_lib/common/mavlink_msg_request_data_stream.h" />
		<Unit filename="mavlink_lib/common/mavlink_msg_resource_request.h" />
		<Unit filename="mavlink_lib/common/mavlink_msg_safety_allowed_area.h" />
		<Unit filename="mavlink_lib/common/mavlink_msg_safety_set_allowed_area.h" />
		<Unit filename="mavlink_lib/common/mavlink_msg_scaled_imu.h" />
		<Unit filename="mavlink_lib/common/mavlink_msg_scaled_imu2.h" />
		<Unit filename="mavlink_lib/common/mavlink_msg_scaled_imu3.h" />
		<Unit filename="mavlink_lib/common/mavlink_msg_scaled_pressure.h" />
		<Unit filename="mavlink_lib/common/mavlink_msg_scaled_pressure2.h" />
		<Unit filename="mavlink_lib/common/mavlink_msg_scaled_pressure3.h" />
		<Unit filename="mavlink_lib/common/mavlink_msg_serial_control.h" />
		<Unit filename="mavlink_lib/common/mavlink_msg_servo_output_raw.h" />
		<Unit filename="mavlink_lib/common/mavlink_msg_set_actuator_control_target.h" />
		<Unit filename="mavlink_lib/common/mavlink_msg_set_attitude_target.h" />
		<Unit filename="mavlink_lib/common/mavlink_msg_set_gps_global_origin.h" />
		<Unit filename="mavlink_lib/common/mavlink_msg_set_home_position.h" />
		<Unit filename="mavlink_lib/common/mavlink_msg_set_mode.h" />
		<Unit filename="mavlink_lib/common/mavlink_msg_set_position_target_global_int.h" />
		<Unit filename="mavlink_lib/common/mavlink_msg_set_position_target_local_ned.h" />
		<Unit filename="mavlink_lib/common/mavlink_msg_sim_state.h" />
		<Unit filename="mavlink_lib/common/mavlink_msg_statustext.h" />
		<Unit filename="mavlink_lib/common/mavlink_msg_sys_status.h" />
		<Unit filename="mavlink_lib/common/mavlink_msg_system_time.h" />
		<Unit filename="mavlink_lib/common/mavlink_msg_terrain_check.h" />
		<Unit filename="mavlink_lib/common/mavlink_msg_terrain_data.h" />
		<Unit filename="mavlink_lib/common/mavlink_msg_terrain_report.h" />
		<Unit filename="mavlink_lib/common/mavlink_msg_terrain_request.h" />
		<Unit filename="mavlink_lib/common/mavlink_msg_timesync.h" />
		<Unit filename="mavlink_lib/common/mavlink_msg_v2_extension.h" />
		<Unit filename="mavlink_lib/common/mavlink_msg_vfr_hud.h" />
		<Unit filename="mavlink_lib/common/mavlink_msg_vibration.h" />
		<Unit filename="mavlink_lib/common/mavlink_msg_vicon_position_estimate.h" />
		<Unit filename="mavlink_lib/common/mavlink_msg_vision_position_estimate.h" />
		<Unit filename="mavlink_lib/common/mavlink_msg_vision_speed_estimate.h" />
		<Unit filename="mavlink_lib/common/testsuite.h" />
		<Unit filename="mavlink_lib/common/version.h" />
		<Unit filename="mavlink_lib/matrixpilot/matrixpilot.h" />
		<Unit filename="mavlink_lib/matrixpilot/mavlink.h" />
		<Unit filename="mavlink_lib/matrixpilot/mavlink_msg_airspeeds.h" />
		<Unit filename="mavlink_lib/matrixpilot/mavlink_msg_altitudes.h" />
		<Unit filename="mavlink_lib/matrixpilot/mavlink_msg_flexifunction_buffer_function.h" />
		<Unit filename="mavlink_lib/matrixpilot/mavlink_msg_flexifunction_buffer_function_ack.h" />
		<Unit filename="mavlink_lib/matrixpilot/mavlink_msg_flexifunction_command.h" />
		<Unit filename="mavlink_lib/matrixpilot/mavlink_msg_flexifunction_command_ack.h" />
		<Unit filename="mavlink_lib/matrixpilot/mavlink_msg_flexifunction_directory.h" />
		<Unit filename="mavlink_lib/matrixpilot/mavlink_msg_flexifunction_directory_ack.h" />
		<Unit filename="mavlink_lib/matrixpilot/mavlink_msg_flexifunction_read_req.h" />
		<Unit filename="mavlink_lib/matrixpilot/mavlink_msg_flexifunction_set.h" />
		<Unit filename="mavlink_lib/matrixpilot/mavlink_msg_serial_udb_extra_f13.h" />
		<Unit filename="mavlink_lib/matrixpilot/mavlink_msg_serial_udb_extra_f14.h" />
		<Unit filename="mavlink_lib/matrixpilot/mavlink_msg_serial_udb_extra_f15.h" />
		<Unit filename="mavlink_lib/matrixpilot/mavlink_msg_serial_udb_extra_f16.h" />
		<Unit filename="mavlink_lib/matrixpilot/mavlink_msg_serial_udb_extra_f2_a.h" />
		<Unit filename="mavlink_lib/matrixpilot/mavlink_msg_serial_udb_extra_f2_b.h" />
		<Unit filename="mavlink_lib/matrixpilot/mavlink_msg_serial_udb_extra_f4.h" />
		<Unit filename="mavlink_lib/matrixpilot/mavlink_msg_serial_udb_extra_f5.h" />
		<Unit filename="mavlink_lib/matrixpilot/mavlink_msg_serial_udb_extra_f6.h" />
		<Unit filename="mavlink_lib/matrixpilot/mavlink_msg_serial_udb_extra_f7.h" />
		<Unit filename="mavlink_lib/matrixpilot/mavlink_msg_serial_udb_extra_f8.h" />
		<Unit filename="mavlink_lib/matrixpilot/testsuite.h" />
		<Unit filename="mavlink_lib/matrixpilot/version.h" />
		<Unit filename="mavlink_lib/mavlink_helpers.h" />
		<Unit filename="mavlink_lib/mavlink_types.h" />
		<Unit filename="mavlink_lib/minimal/mavlink.h" />
		<Unit filename="mavlink_lib/minimal/mavlink_msg_heartbeat.h" />
		<Unit filename="mavlink_lib/minimal/minimal.h" />
		<Unit filename="mavlink_lib/minimal/testsuite.h" />
		<Unit filename="mavlink_lib/minimal/version.h" />
		<Unit filename="mavlink_lib/pixhawk/mavlink.h" />
		<Unit filename="mavlink_lib/pixhawk/mavlink_msg_attitude_control.h" />
		<Unit filename="mavlink_lib/pixhawk/mavlink_msg_brief_feature.h" />
		<Unit filename="mavlink_lib/pixhawk/mavlink_msg_detection_stats.h" />
		<Unit filename="mavlink_lib/pixhawk/mavlink_msg_image_available.h" />
		<Unit filename="mavlink_lib/pixhawk/mavlink_msg_image_trigger_control.h" />
		<Unit filename="mavlink_lib/pixhawk/mavlink_msg_image_triggered.h" />
		<Unit filename="mavlink_lib/pixhawk/mavlink_msg_marker.h" />
		<Unit filename="mavlink_lib/pixhawk/mavlink_msg_onboard_health.h" />
		<Unit filename="mavlink_lib/pixhawk/mavlink_msg_pattern_detected.h" />
		<Unit filename="mavlink_lib/pixhawk/mavlink_msg_point_of_interest.h" />
		<Unit filename="mavlink_lib/pixhawk/mavlink_msg_point_of_interest_connection.h" />
		<Unit filename="mavlink_lib/pixhawk/mavlink_msg_position_control_setpoint.h" />
		<Unit filename="mavlink_lib/pixhawk/mavlink_msg_raw_aux.h" />
		<Unit filename="mavlink_lib/pixhawk/mavlink_msg_set_cam_shutter.h" />
		<Unit filename="mavlink_lib/pixhawk/mavlink_msg_set_position_control_offset.h" />
		<Unit filename="mavlink_lib/pixhawk/mavlink_msg_watchdog_command.h" />
		<Unit filename="mavlink_lib/pixhawk/mavlink_msg_watchdog_heartbeat.h" />
		<Unit filename="mavlink_lib/pixhawk/mavlink_msg_watchdog_process_info.h" />
		<Unit filename="mavlink_lib/pixhawk/mavlink_msg_watchdog_process_status.h" />
		<Unit filename="mavlink_lib/pixhawk/pixhawk.h" />
		<Unit filename="mavlink_lib/pixhawk/testsuite.h" />
		<Unit filename="mavlink_lib/pixhawk/version.h" />
		<Unit filename="mavlink_lib/pixhawk_interface.cpp" />
		<Unit filename="mavlink_lib/pixhawk_interface.h" />
		<Unit filename="mavlink_lib/protocol.h" />
		<Unit filename="mavlink_lib/serial_port.cpp" />
		<Unit filename="mavlink_lib/serial_port.h" />
		<Unit filename="mavlink_lib/slugs/mavlink.h" />
		<Unit filename="mavlink_lib/slugs/mavlink_msg_boot.h" />
		<Unit filename="mavlink_lib/slugs/mavlink_msg_control_surface.h" />
		<Unit filename="mavlink_lib/slugs/mavlink_msg_cpu_load.h" />
		<Unit filename="mavlink_lib/slugs/mavlink_msg_ctrl_srfc_pt.h" />
		<Unit filename="mavlink_lib/slugs/mavlink_msg_data_log.h" />
		<Unit filename="mavlink_lib/slugs/mavlink_msg_diagnostic.h" />
		<Unit filename="mavlink_lib/slugs/mavlink_msg_gps_date_time.h" />
		<Unit filename="mavlink_lib/slugs/mavlink_msg_isr_location.h" />
		<Unit filename="mavlink_lib/slugs/mavlink_msg_mid_lvl_cmds.h" />
		<Unit filename="mavlink_lib/slugs/mavlink_msg_novatel_diag.h" />
		<Unit filename="mavlink_lib/slugs/mavlink_msg_ptz_status.h" />
		<Unit filename="mavlink_lib/slugs/mavlink_msg_sensor_bias.h" />
		<Unit filename="mavlink_lib/slugs/mavlink_msg_sensor_diag.h" />
		<Unit filename="mavlink_lib/slugs/mavlink_msg_slugs_camera_order.h" />
		<Unit filename="mavlink_lib/slugs/mavlink_msg_slugs_configuration_camera.h" />
		<Unit filename="mavlink_lib/slugs/mavlink_msg_slugs_mobile_location.h" />
		<Unit filename="mavlink_lib/slugs/mavlink_msg_slugs_navigation.h" />
		<Unit filename="mavlink_lib/slugs/mavlink_msg_status_gps.h" />
		<Unit filename="mavlink_lib/slugs/mavlink_msg_uav_status.h" />
		<Unit filename="mavlink_lib/slugs/mavlink_msg_volt_sensor.h" />
		<Unit filename="mavlink_lib/slugs/slugs.h" />
		<Unit filename="mavlink_lib/slugs/testsuite.h" />
		<Unit filename="mavlink_lib/slugs/version.h" />
		<Unit filename="mavlink_lib/test/mavlink.h" />
		<Unit filename="mavlink_lib/test/mavlink_msg_test_types.h" />
		<Unit filename="mavlink_lib/test/test.h" />
		<Unit filename="mavlink_lib/test/testsuite.h" />
		<Unit filename="mavlink_lib/test/version.h" />
		<Unit filename="mavlink_lib/ualberta/mavlink.h" />
		<Unit filename="mavlink_lib/ualberta/mavlink_msg_nav_filter_bias.h" />
		<Unit filename="mavlink_lib/ualberta/mavlink_msg_radio_calibration.h" />
		<Unit filename="mavlink_lib/ualberta/mavlink_msg_ualberta_sys_status.h" />
		<Unit filename="mavlink_lib/ualberta/testsuite.h" />
		<Unit filename="mavlink_lib/ualberta/ualberta.h" />
		<Unit filename="mavlink_lib/ualberta/version.h" />
		<Unit filename="rplidar_sdk/include/rplidar.h" />
		<Unit filename="rplidar_sdk/include/rplidar_cmd.h" />
		<Unit filename="rplidar_sdk/include/rplidar_driver.h" />
		<Unit filename="rplidar_sdk/include/rplidar_protocol.h" />
		<Unit filename="rplidar_sdk/include/rptypes.h" />
		<Unit filename="rplidar_sdk/lidar_interface.cpp" />
		<Unit filename="rplidar_sdk/lidar_interface.h" />
		<Unit filename="src/MedianFilter.cpp" />
		<Unit filename="src/RF_tag.cpp" />
		<Unit filename="src/UI.cpp" />
		<Unit filename="src/controller.cpp" />
		<Unit filename="src/sock_client.cpp" />
		<Extensions>
			<code_completion />
			<debugger />
		</Extensions>
	</Project>
</CodeBlocks_project_file>
